
Microsoft Visual Studio Solution File, Format Version 12.00
# Visual Studio Version 16
VisualStudioVersion = 16.0.30907.101
MinimumVisualStudioVersion = 10.0.40219.1
Project("{2150E333-8FDC-42A3-9474-1A3956D46DE8}") = "src", "src", "{42B96F6B-BF8B-479E-876F-B4C711958CC3}"
EndProject
Project("{2150E333-8FDC-42A3-9474-1A3956D46DE8}") = "test", "test", "{1E96DE45-1E86-477D-B62C-43339E07B888}"
EndProject
Project("{2150E333-8FDC-42A3-9474-1A3956D46DE8}") = "API", "API", "{27B5584C-7724-42DB-98ED-B30332477F30}"
EndProject
Project("{2150E333-8FDC-42A3-9474-1A3956D46DE8}") = "Core", "Core", "{6217AAF3-3031-4BC1-9E11-67E7AD1D3607}"
EndProject
Project("{2150E333-8FDC-42A3-9474-1A3956D46DE8}") = "Infrastructure", "Infrastructure", "{7FEEACCC-1690-414B-8C72-BC7894DF7D5B}"
EndProject
Project("{2150E333-8FDC-42A3-9474-1A3956D46DE8}") = "UI", "UI", "{130A0981-43AC-438D-A531-CD782D2A035D}"
EndProject
Project("{9A19103F-16F7-4668-BE54-9A1E7A4F7556}") = "GloboTicket.TicketManagement.Domain", "GloboTicket.TicketManagement.Domain\GloboTicket.TicketManagement.Domain.csproj", "{A7504B34-7F8E-4F84-8FC5-D1E362BFFD26}"
EndProject
Project("{9A19103F-16F7-4668-BE54-9A1E7A4F7556}") = "GloboTicket.TicketManagement.Application", "GloboTicket.TicketManagement.Application\GloboTicket.TicketManagement.Application.csproj", "{A7A65B50-FF42-4FCA-858C-6C51CE7F0E05}"
EndProject
Project("{FAE04EC0-301F-11D3-BF4B-00C04F79EFBC}") = "GloboTicket.TicketManagement.Persistence", "GloboTicket.TicketManagement.Persistence\GloboTicket.TicketManagement.Persistence.csproj", "{BF8653F2-5530-49EE-B9FA-8812A002500F}"
EndProject
Global
	GlobalSection(SolutionConfigurationPlatforms) = preSolution
		Debug|Any CPU = Debug|Any CPU
		Release|Any CPU = Release|Any CPU
	EndGlobalSection
	GlobalSection(ProjectConfigurationPlatforms) = postSolution
		{A7504B34-7F8E-4F84-8FC5-D1E362BFFD26}.Debug|Any CPU.ActiveCfg = Debug|Any CPU
		{A7504B34-7F8E-4F84-8FC5-D1E362BFFD26}.Debug|Any CPU.Build.0 = Debug|Any CPU
		{A7504B34-7F8E-4F84-8FC5-D1E362BFFD26}.Release|Any CPU.ActiveCfg = Release|Any CPU
		{A7504B34-7F8E-4F84-8FC5-D1E362BFFD26}.Release|Any CPU.Build.0 = Release|Any CPU
		{A7A65B50-FF42-4FCA-858C-6C51CE7F0E05}.Debug|Any CPU.ActiveCfg = Debug|Any CPU
		{A7A65B50-FF42-4FCA-858C-6C51CE7F0E05}.Debug|Any CPU.Build.0 = Debug|Any CPU
		{A7A65B50-FF42-4FCA-858C-6C51CE7F0E05}.Release|Any CPU.ActiveCfg = Release|Any CPU
		{A7A65B50-FF42-4FCA-858C-6C51CE7F0E05}.Release|Any CPU.Build.0 = Release|Any CPU
		{BF8653F2-5530-49EE-B9FA-8812A002500F}.Debug|Any CPU.ActiveCfg = Debug|Any CPU
		{BF8653F2-5530-49EE-B9FA-8812A002500F}.Debug|Any CPU.Build.0 = Debug|Any CPU
		{BF8653F2-5530-49EE-B9FA-8812A002500F}.Release|Any CPU.ActiveCfg = Release|Any CPU
		{BF8653F2-5530-49EE-B9FA-8812A002500F}.Release|Any CPU.Build.0 = Release|Any CPU
	EndGlobalSection
	GlobalSection(SolutionProperties) = preSolution
		HideSolutionNode = FALSE
	EndGlobalSection
	GlobalSection(NestedProjects) = preSolution
		{27B5584C-7724-42DB-98ED-B30332477F30} = {42B96F6B-BF8B-479E-876F-B4C711958CC3}
		{6217AAF3-3031-4BC1-9E11-67E7AD1D3607} = {42B96F6B-BF8B-479E-876F-B4C711958CC3}
		{7FEEACCC-1690-414B-8C72-BC7894DF7D5B} = {42B96F6B-BF8B-479E-876F-B4C711958CC3}
		{130A0981-43AC-438D-A531-CD782D2A035D} = {42B96F6B-BF8B-479E-876F-B4C711958CC3}
		{A7504B34-7F8E-4F84-8FC5-D1E362BFFD26} = {6217AAF3-3031-4BC1-9E11-67E7AD1D3607}
		{A7A65B50-FF42-4FCA-858C-6C51CE7F0E05} = {6217AAF3-3031-4BC1-9E11-67E7AD1D3607}
		{BF8653F2-5530-49EE-B9FA-8812A002500F} = {7FEEACCC-1690-414B-8C72-BC7894DF7D5B}
	EndGlobalSection
	GlobalSection(ExtensibilityGlobals) = postSolution
		SolutionGuid = {372E64A5-8A4B-4EEE-AA35-CD758355C809}
	EndGlobalSection
EndGlobal
